
Microsoft Visual Studio Solution File, Format Version 12.00
Project("{FAE04EC0-301F-11D3-BF4B-00C04F79EFBC}") = "Task01", "Task01\Task01.csproj", "{4C5B9F7D-65D8-488D-9DE5-992D6815D15E}"
EndProject
Project("{FAE04EC0-301F-11D3-BF4B-00C04F79EFBC}") = "Task02", "Task02\Task02.csproj", "{E6CAB8E5-62CB-4C10-9333-8D1FAD29A7CD}"
EndProject
Project("{FAE04EC0-301F-11D3-BF4B-00C04F79EFBC}") = "Task03", "Task03\Task03.csproj", "{D44F1979-44B9-46C1-822E-505E554CF1F9}"
EndProject
Project("{FAE04EC0-301F-11D3-BF4B-00C04F79EFBC}") = "AllTests", "AllTests\AllTests.csproj", "{4C058E47-1087-4F2F-AD75-1B5D4D8F3981}"
EndProject
Project("{FAE04EC0-301F-11D3-BF4B-00C04F79EFBC}") = "Task04", "Task04\Task04.csproj", "{63A22D11-DF72-4D11-A7C7-B51A3327C1B3}"
EndProject
Project("{FAE04EC0-301F-11D3-BF4B-00C04F79EFBC}") = "Task05", "Task05\Task05.csproj", "{76647C6B-381C-437F-BBF7-C5DB3A141F15}"
EndProject
Project("{FAE04EC0-301F-11D3-BF4B-00C04F79EFBC}") = "Task06", "Task06\Task06.csproj", "{1AE48958-A62F-4E4F-B0EC-F0F2291DD6E1}"
EndProject
Project("{FAE04EC0-301F-11D3-BF4B-00C04F79EFBC}") = "Task09", "Task09\Task09.csproj", "{6BF0235D-287A-48B9-A223-1EBEC0B9A042}"
EndProject
Project("{FAE04EC0-301F-11D3-BF4B-00C04F79EFBC}") = "Utilities", "Utilities\Utilities.csproj", "{B609210F-AD00-44C2-AB6D-28A3DCB10DDC}"
EndProject
Project("{FAE04EC0-301F-11D3-BF4B-00C04F79EFBC}") = "Task10", "Task10\Task10.csproj", "{A31854C2-609A-454B-A3DE-B698143D9F58}"
EndProject
Project("{FAE04EC0-301F-11D3-BF4B-00C04F79EFBC}") = "Task12", "Task12\Task12.csproj", "{BADA4DE3-3ED5-4F5B-AF3F-9974C4D0E3F6}"
EndProject
Project("{FAE04EC0-301F-11D3-BF4B-00C04F79EFBC}") = "Task11", "Task11\Task11.csproj", "{AAC992B9-966D-4CBE-AAAA-A73E91149CD6}"
EndProject
Project("{FAE04EC0-301F-11D3-BF4B-00C04F79EFBC}") = "Task07", "Task07\Task07.csproj", "{9F3AA333-C7F6-43D2-B4DF-AF4957F30834}"
EndProject
Project("{FAE04EC0-301F-11D3-BF4B-00C04F79EFBC}") = "Task08", "Task08\Task08.csproj", "{669D0482-DCBB-44B1-9E88-B138A14ED6B8}"
EndProject
Global
	GlobalSection(SolutionConfigurationPlatforms) = preSolution
		Debug|Any CPU = Debug|Any CPU
		Release|Any CPU = Release|Any CPU
	EndGlobalSection
	GlobalSection(ProjectConfigurationPlatforms) = postSolution
		{4C5B9F7D-65D8-488D-9DE5-992D6815D15E}.Debug|Any CPU.ActiveCfg = Debug|Any CPU
		{4C5B9F7D-65D8-488D-9DE5-992D6815D15E}.Debug|Any CPU.Build.0 = Debug|Any CPU
		{4C5B9F7D-65D8-488D-9DE5-992D6815D15E}.Release|Any CPU.ActiveCfg = Release|Any CPU
		{4C5B9F7D-65D8-488D-9DE5-992D6815D15E}.Release|Any CPU.Build.0 = Release|Any CPU
		{E6CAB8E5-62CB-4C10-9333-8D1FAD29A7CD}.Debug|Any CPU.ActiveCfg = Debug|Any CPU
		{E6CAB8E5-62CB-4C10-9333-8D1FAD29A7CD}.Debug|Any CPU.Build.0 = Debug|Any CPU
		{E6CAB8E5-62CB-4C10-9333-8D1FAD29A7CD}.Release|Any CPU.ActiveCfg = Release|Any CPU
		{E6CAB8E5-62CB-4C10-9333-8D1FAD29A7CD}.Release|Any CPU.Build.0 = Release|Any CPU
		{D44F1979-44B9-46C1-822E-505E554CF1F9}.Debug|Any CPU.ActiveCfg = Debug|Any CPU
		{D44F1979-44B9-46C1-822E-505E554CF1F9}.Debug|Any CPU.Build.0 = Debug|Any CPU
		{D44F1979-44B9-46C1-822E-505E554CF1F9}.Release|Any CPU.ActiveCfg = Release|Any CPU
		{D44F1979-44B9-46C1-822E-505E554CF1F9}.Release|Any CPU.Build.0 = Release|Any CPU
		{4C058E47-1087-4F2F-AD75-1B5D4D8F3981}.Debug|Any CPU.ActiveCfg = Debug|Any CPU
		{4C058E47-1087-4F2F-AD75-1B5D4D8F3981}.Debug|Any CPU.Build.0 = Debug|Any CPU
		{4C058E47-1087-4F2F-AD75-1B5D4D8F3981}.Release|Any CPU.ActiveCfg = Release|Any CPU
		{4C058E47-1087-4F2F-AD75-1B5D4D8F3981}.Release|Any CPU.Build.0 = Release|Any CPU
		{63A22D11-DF72-4D11-A7C7-B51A3327C1B3}.Debug|Any CPU.ActiveCfg = Debug|Any CPU
		{63A22D11-DF72-4D11-A7C7-B51A3327C1B3}.Debug|Any CPU.Build.0 = Debug|Any CPU
		{63A22D11-DF72-4D11-A7C7-B51A3327C1B3}.Release|Any CPU.ActiveCfg = Release|Any CPU
		{63A22D11-DF72-4D11-A7C7-B51A3327C1B3}.Release|Any CPU.Build.0 = Release|Any CPU
		{76647C6B-381C-437F-BBF7-C5DB3A141F15}.Debug|Any CPU.ActiveCfg = Debug|Any CPU
		{76647C6B-381C-437F-BBF7-C5DB3A141F15}.Debug|Any CPU.Build.0 = Debug|Any CPU
		{76647C6B-381C-437F-BBF7-C5DB3A141F15}.Release|Any CPU.ActiveCfg = Release|Any CPU
		{76647C6B-381C-437F-BBF7-C5DB3A141F15}.Release|Any CPU.Build.0 = Release|Any CPU
		{1AE48958-A62F-4E4F-B0EC-F0F2291DD6E1}.Debug|Any CPU.ActiveCfg = Debug|Any CPU
		{1AE48958-A62F-4E4F-B0EC-F0F2291DD6E1}.Debug|Any CPU.Build.0 = Debug|Any CPU
		{1AE48958-A62F-4E4F-B0EC-F0F2291DD6E1}.Release|Any CPU.ActiveCfg = Release|Any CPU
		{1AE48958-A62F-4E4F-B0EC-F0F2291DD6E1}.Release|Any CPU.Build.0 = Release|Any CPU
		{6BF0235D-287A-48B9-A223-1EBEC0B9A042}.Debug|Any CPU.ActiveCfg = Debug|Any CPU
		{6BF0235D-287A-48B9-A223-1EBEC0B9A042}.Debug|Any CPU.Build.0 = Debug|Any CPU
		{6BF0235D-287A-48B9-A223-1EBEC0B9A042}.Release|Any CPU.ActiveCfg = Release|Any CPU
		{6BF0235D-287A-48B9-A223-1EBEC0B9A042}.Release|Any CPU.Build.0 = Release|Any CPU
		{B609210F-AD00-44C2-AB6D-28A3DCB10DDC}.Debug|Any CPU.ActiveCfg = Debug|Any CPU
		{B609210F-AD00-44C2-AB6D-28A3DCB10DDC}.Debug|Any CPU.Build.0 = Debug|Any CPU
		{B609210F-AD00-44C2-AB6D-28A3DCB10DDC}.Release|Any CPU.ActiveCfg = Release|Any CPU
		{B609210F-AD00-44C2-AB6D-28A3DCB10DDC}.Release|Any CPU.Build.0 = Release|Any CPU
		{A31854C2-609A-454B-A3DE-B698143D9F58}.Debug|Any CPU.ActiveCfg = Debug|Any CPU
		{A31854C2-609A-454B-A3DE-B698143D9F58}.Debug|Any CPU.Build.0 = Debug|Any CPU
		{A31854C2-609A-454B-A3DE-B698143D9F58}.Release|Any CPU.ActiveCfg = Release|Any CPU
		{A31854C2-609A-454B-A3DE-B698143D9F58}.Release|Any CPU.Build.0 = Release|Any CPU
		{BADA4DE3-3ED5-4F5B-AF3F-9974C4D0E3F6}.Debug|Any CPU.ActiveCfg = Debug|Any CPU
		{BADA4DE3-3ED5-4F5B-AF3F-9974C4D0E3F6}.Debug|Any CPU.Build.0 = Debug|Any CPU
		{BADA4DE3-3ED5-4F5B-AF3F-9974C4D0E3F6}.Release|Any CPU.ActiveCfg = Release|Any CPU
		{BADA4DE3-3ED5-4F5B-AF3F-9974C4D0E3F6}.Release|Any CPU.Build.0 = Release|Any CPU
		{AAC992B9-966D-4CBE-AAAA-A73E91149CD6}.Debug|Any CPU.ActiveCfg = Debug|Any CPU
		{AAC992B9-966D-4CBE-AAAA-A73E91149CD6}.Debug|Any CPU.Build.0 = Debug|Any CPU
		{AAC992B9-966D-4CBE-AAAA-A73E91149CD6}.Release|Any CPU.ActiveCfg = Release|Any CPU
		{AAC992B9-966D-4CBE-AAAA-A73E91149CD6}.Release|Any CPU.Build.0 = Release|Any CPU
		{9F3AA333-C7F6-43D2-B4DF-AF4957F30834}.Debug|Any CPU.ActiveCfg = Debug|Any CPU
		{9F3AA333-C7F6-43D2-B4DF-AF4957F30834}.Debug|Any CPU.Build.0 = Debug|Any CPU
		{9F3AA333-C7F6-43D2-B4DF-AF4957F30834}.Release|Any CPU.ActiveCfg = Release|Any CPU
		{9F3AA333-C7F6-43D2-B4DF-AF4957F30834}.Release|Any CPU.Build.0 = Release|Any CPU
		{669D0482-DCBB-44B1-9E88-B138A14ED6B8}.Debug|Any CPU.ActiveCfg = Debug|Any CPU
		{669D0482-DCBB-44B1-9E88-B138A14ED6B8}.Debug|Any CPU.Build.0 = Debug|Any CPU
		{669D0482-DCBB-44B1-9E88-B138A14ED6B8}.Release|Any CPU.ActiveCfg = Release|Any CPU
		{669D0482-DCBB-44B1-9E88-B138A14ED6B8}.Release|Any CPU.Build.0 = Release|Any CPU
	EndGlobalSection
EndGlobal
